
Microsoft Visual Studio Solution File, Format Version 12.00
# Visual Studio Version 17
VisualStudioVersion = 17.4.33205.214
MinimumVisualStudioVersion = 10.0.40219.1
Project("{FAE04EC0-301F-11D3-BF4B-00C04F79EFBC}") = "MeetingRoom_Management_System", "MeetingRoom_Management_System\MeetingRoom_Management_System.csproj", "{8E7F1025-15B1-49A2-A67E-8CF52302DAF4}"
EndProject
Global
	GlobalSection(SolutionConfigurationPlatforms) = preSolution
		Debug|Any CPU = Debug|Any CPU
		Release|Any CPU = Release|Any CPU
	EndGlobalSection
	GlobalSection(ProjectConfigurationPlatforms) = postSolution
		{8E7F1025-15B1-49A2-A67E-8CF52302DAF4}.Debug|Any CPU.ActiveCfg = Debug|Any CPU
		{8E7F1025-15B1-49A2-A67E-8CF52302DAF4}.Debug|Any CPU.Build.0 = Debug|Any CPU
		{8E7F1025-15B1-49A2-A67E-8CF52302DAF4}.Release|Any CPU.ActiveCfg = Release|Any CPU
		{8E7F1025-15B1-49A2-A67E-8CF52302DAF4}.Release|Any CPU.Build.0 = Release|Any CPU
	EndGlobalSection
	GlobalSection(SolutionProperties) = preSolution
		HideSolutionNode = FALSE
	EndGlobalSection
	GlobalSection(ExtensibilityGlobals) = postSolution
		SolutionGuid = {81CFECB0-7C1A-41DD-8081-9B40989436D4}
	EndGlobalSection
EndGlobal
